{
  "name": "notion-blog",
  "version": "0.0.1",
  "lockfileVersion": 3,
  "requires": true,
  "packages": {
    "": {
      "name": "notion-blog",
      "version": "0.0.1",
      "license": "ISC",
      "workspaces": [
        "packages/api"
      ]
    },
    "node_modules/api": {
      "resolved": "packages/api",
      "link": true
    },
    "packages/api": {
      "version": "1.0.0",
      "license": "ISC"
    }
  }
}
